
Microsoft Visual Studio Solution File, Format Version 12.00
# Visual Studio 2013
VisualStudioVersion = 12.0.30110.0
MinimumVisualStudioVersion = 10.0.40219.1
Project("{FAE04EC0-301F-11D3-BF4B-00C04F79EFBC}") = "FirstMvcApp", "FirstMvcApp\FirstMvcApp.csproj", "{C24D1111-B2E5-4BB1-B1D0-4786DDD4E00F}"
EndProject
Project("{FAE04EC0-301F-11D3-BF4B-00C04F79EFBC}") = "FirstMvcApp.Tests", "FirstMvcApp.Tests\FirstMvcApp.Tests.csproj", "{372B6ED9-6561-4DC7-93B2-1572B30893C9}"
EndProject
Global
	GlobalSection(TeamFoundationVersionControl) = preSolution
		SccNumberOfProjects = 3
		SccEnterpriseProvider = {4CA58AB2-18FA-4F8D-95D4-32DDF27D184C}
		SccTeamFoundationServer = https://christiansandoval.visualstudio.com/defaultcollection
		SccLocalPath0 = .
		SccProjectUniqueName1 = FirstMvcApp.Tests\\FirstMvcApp.Tests.csproj
		SccProjectName1 = FirstMvcApp.Tests
		SccLocalPath1 = FirstMvcApp.Tests
		SccProjectUniqueName2 = FirstMvcApp\\FirstMvcApp.csproj
		SccProjectName2 = FirstMvcApp
		SccLocalPath2 = FirstMvcApp
	EndGlobalSection
	GlobalSection(SolutionConfigurationPlatforms) = preSolution
		Debug|Any CPU = Debug|Any CPU
		Release|Any CPU = Release|Any CPU
	EndGlobalSection
	GlobalSection(ProjectConfigurationPlatforms) = postSolution
		{C24D1111-B2E5-4BB1-B1D0-4786DDD4E00F}.Debug|Any CPU.ActiveCfg = Debug|Any CPU
		{C24D1111-B2E5-4BB1-B1D0-4786DDD4E00F}.Debug|Any CPU.Build.0 = Debug|Any CPU
		{C24D1111-B2E5-4BB1-B1D0-4786DDD4E00F}.Release|Any CPU.ActiveCfg = Release|Any CPU
		{C24D1111-B2E5-4BB1-B1D0-4786DDD4E00F}.Release|Any CPU.Build.0 = Release|Any CPU
		{372B6ED9-6561-4DC7-93B2-1572B30893C9}.Debug|Any CPU.ActiveCfg = Debug|Any CPU
		{372B6ED9-6561-4DC7-93B2-1572B30893C9}.Debug|Any CPU.Build.0 = Debug|Any CPU
		{372B6ED9-6561-4DC7-93B2-1572B30893C9}.Release|Any CPU.ActiveCfg = Release|Any CPU
		{372B6ED9-6561-4DC7-93B2-1572B30893C9}.Release|Any CPU.Build.0 = Release|Any CPU
	EndGlobalSection
	GlobalSection(SolutionProperties) = preSolution
		HideSolutionNode = FALSE
	EndGlobalSection
EndGlobal
